// !$*UTF8*$!
{
	archiveVersion = 1;
	classes = {
	};
	objectVersion = 50;
	objects = {

/* Begin PBXBuildFile section */
		AC4615FC21EA43F000F884E8 /* UIButtonExtension.swift in Sources */ = {isa = PBXBuildFile; fileRef = AC4615FB21EA43F000F884E8 /* UIButtonExtension.swift */; };
		ACCD404221BD399D007D15E3 /* AppDelegate.swift in Sources */ = {isa = PBXBuildFile; fileRef = ACCD404121BD399D007D15E3 /* AppDelegate.swift */; };
		ACCD404921BD399F007D15E3 /* Assets.xcassets in Resources */ = {isa = PBXBuildFile; fileRef = ACCD404821BD399F007D15E3 /* Assets.xcassets */; };
		ACCD404C21BD399F007D15E3 /* LaunchScreen.storyboard in Resources */ = {isa = PBXBuildFile; fileRef = ACCD404A21BD399F007D15E3 /* LaunchScreen.storyboard */; };
		ACCD405721BD399F007D15E3 /* iOS_CalculatorTests.swift in Sources */ = {isa = PBXBuildFile; fileRef = ACCD405621BD399F007D15E3 /* iOS_CalculatorTests.swift */; };
		ACCD406C21BD3EB7007D15E3 /* HomeViewController.swift in Sources */ = {isa = PBXBuildFile; fileRef = ACCD406A21BD3EB7007D15E3 /* HomeViewController.swift */; };
		ACCD406D21BD3EB7007D15E3 /* HomeViewController.xib in Resources */ = {isa = PBXBuildFile; fileRef = ACCD406B21BD3EB7007D15E3 /* HomeViewController.xib */; };
/* End PBXBuildFile section */

/* Begin PBXContainerItemProxy section */
		ACCD405321BD399F007D15E3 /* PBXContainerItemProxy */ = {
			isa = PBXContainerItemProxy;
			containerPortal = ACCD403621BD399D007D15E3 /* Project object */;
			proxyType = 1;
			remoteGlobalIDString = ACCD403D21BD399D007D15E3;
			remoteInfo = "iOS-Calculator";
		};
/* End PBXContainerItemProxy section */

/* Begin PBXFileReference section */
		AC4615FB21EA43F000F884E8 /* UIButtonExtension.swift */ = {isa = PBXFileReference; lastKnownFileType = sourcecode.swift; path = UIButtonExtension.swift; sourceTree = "<group>"; };
		ACCD403E21BD399D007D15E3 /* iOS-Calculator.app */ = {isa = PBXFileReference; explicitFileType = wrapper.application; includeInIndex = 0; path = "iOS-Calculator.app"; sourceTree = BUILT_PRODUCTS_DIR; };
		ACCD404121BD399D007D15E3 /* AppDelegate.swift */ = {isa = PBXFileReference; lastKnownFileType = sourcecode.swift; path = AppDelegate.swift; sourceTree = "<group>"; };
		ACCD404821BD399F007D15E3 /* Assets.xcassets */ = {isa = PBXFileReference; lastKnownFileType = folder.assetcatalog; path = Assets.xcassets; sourceTree = "<group>"; };
		ACCD404B21BD399F007D15E3 /* Base */ = {isa = PBXFileReference; lastKnownFileType = file.storyboard; name = Base; path = Base.lproj/LaunchScreen.storyboard; sourceTree = "<group>"; };
		ACCD404D21BD399F007D15E3 /* Info.plist */ = {isa = PBXFileReference; lastKnownFileType = text.plist.xml; path = Info.plist; sourceTree = "<group>"; };
		ACCD405221BD399F007D15E3 /* iOS-CalculatorTests.xctest */ = {isa = PBXFileReference; explicitFileType = wrapper.cfbundle; includeInIndex = 0; path = "iOS-CalculatorTests.xctest"; sourceTree = BUILT_PRODUCTS_DIR; };
		ACCD405621BD399F007D15E3 /* iOS_CalculatorTests.swift */ = {isa = PBXFileReference; lastKnownFileType = sourcecode.swift; path = iOS_CalculatorTests.swift; sourceTree = "<group>"; };
		ACCD405821BD399F007D15E3 /* Info.plist */ = {isa = PBXFileReference; lastKnownFileType = text.plist.xml; path = Info.plist; sourceTree = "<group>"; };
		ACCD406A21BD3EB7007D15E3 /* HomeViewController.swift */ = {isa = PBXFileReference; lastKnownFileType = sourcecode.swift; path = HomeViewController.swift; sourceTree = "<group>"; };
		ACCD406B21BD3EB7007D15E3 /* HomeViewController.xib */ = {isa = PBXFileReference; lastKnownFileType = file.xib; path = HomeViewController.xib; sourceTree = "<group>"; };
/* End PBXFileReference section */

/* Begin PBXFrameworksBuildPhase section */
		ACCD403B21BD399D007D15E3 /* Frameworks */ = {
			isa = PBXFrameworksBuildPhase;
			buildActionMask = 2147483647;
			files = (
			);
			runOnlyForDeploymentPostprocessing = 0;
		};
		ACCD404F21BD399F007D15E3 /* Frameworks */ = {
			isa = PBXFrameworksBuildPhase;
			buildActionMask = 2147483647;
			files = (
			);
			runOnlyForDeploymentPostprocessing = 0;
		};
/* End PBXFrameworksBuildPhase section */

/* Begin PBXGroup section */
		ACCD403521BD399D007D15E3 = {
			isa = PBXGroup;
			children = (
				ACCD404021BD399D007D15E3 /* iOS-Calculator */,
				ACCD405521BD399F007D15E3 /* iOS-CalculatorTests */,
				ACCD403F21BD399D007D15E3 /* Products */,
			);
			sourceTree = "<group>";
		};
		ACCD403F21BD399D007D15E3 /* Products */ = {
			isa = PBXGroup;
			children = (
				ACCD403E21BD399D007D15E3 /* iOS-Calculator.app */,
				ACCD405221BD399F007D15E3 /* iOS-CalculatorTests.xctest */,
			);
			name = Products;
			sourceTree = "<group>";
		};
		ACCD404021BD399D007D15E3 /* iOS-Calculator */ = {
			isa = PBXGroup;
			children = (
				ACCD404121BD399D007D15E3 /* AppDelegate.swift */,
				ACCD406421BD3D1C007D15E3 /* View */,
				ACCD406321BD3D16007D15E3 /* Controller */,
				ACCD406221BD3D12007D15E3 /* Model */,
				ACCD406521BD3D34007D15E3 /* Util */,
				ACCD406621BD3D5E007D15E3 /* Supporting Files */,
				ACCD404821BD399F007D15E3 /* Assets.xcassets */,
			);
			path = "iOS-Calculator";
			sourceTree = "<group>";
		};
		ACCD405521BD399F007D15E3 /* iOS-CalculatorTests */ = {
			isa = PBXGroup;
			children = (
				ACCD405621BD399F007D15E3 /* iOS_CalculatorTests.swift */,
				ACCD405821BD399F007D15E3 /* Info.plist */,
			);
			path = "iOS-CalculatorTests";
			sourceTree = "<group>";
		};
		ACCD406221BD3D12007D15E3 /* Model */ = {
			isa = PBXGroup;
			children = (
			);
			path = Model;
			sourceTree = "<group>";
		};
		ACCD406321BD3D16007D15E3 /* Controller */ = {
			isa = PBXGroup;
			children = (
				ACCD406921BD3E70007D15E3 /* Home */,
			);
			path = Controller;
			sourceTree = "<group>";
		};
		ACCD406421BD3D1C007D15E3 /* View */ = {
			isa = PBXGroup;
			children = (
				ACCD406721BD3D95007D15E3 /* Launch */,
				ACCD406821BD3E64007D15E3 /* Home */,
			);
			path = View;
			sourceTree = "<group>";
		};
		ACCD406521BD3D34007D15E3 /* Util */ = {
			isa = PBXGroup;
			children = (
				AC4615FB21EA43F000F884E8 /* UIButtonExtension.swift */,
			);
			path = Util;
			sourceTree = "<group>";
		};
		ACCD406621BD3D5E007D15E3 /* Supporting Files */ = {
			isa = PBXGroup;
			children = (
				ACCD404D21BD399F007D15E3 /* Info.plist */,
			);
			path = "Supporting Files";
			sourceTree = "<group>";
		};
		ACCD406721BD3D95007D15E3 /* Launch */ = {
			isa = PBXGroup;
			children = (
				ACCD404A21BD399F007D15E3 /* LaunchScreen.storyboard */,
			);
			path = Launch;
			sourceTree = "<group>";
		};
		ACCD406821BD3E64007D15E3 /* Home */ = {
			isa = PBXGroup;
			children = (
				ACCD406B21BD3EB7007D15E3 /* HomeViewController.xib */,
			);
			path = Home;
			sourceTree = "<group>";
		};
		ACCD406921BD3E70007D15E3 /* Home */ = {
			isa = PBXGroup;
			children = (
				ACCD406A21BD3EB7007D15E3 /* HomeViewController.swift */,
			);
			path = Home;
			sourceTree = "<group>";
		};
/* End PBXGroup section */

/* Begin PBXNativeTarget section */
		ACCD403D21BD399D007D15E3 /* iOS-Calculator */ = {
			isa = PBXNativeTarget;
			buildConfigurationList = ACCD405B21BD399F007D15E3 /* Build configuration list for PBXNativeTarget "iOS-Calculator" */;
			buildPhases = (
				ACCD403A21BD399D007D15E3 /* Sources */,
				ACCD403B21BD399D007D15E3 /* Frameworks */,
				ACCD403C21BD399D007D15E3 /* Resources */,
			);
			buildRules = (
			);
			dependencies = (
			);
			name = "iOS-Calculator";
			productName = "iOS-Calculator";
			productReference = ACCD403E21BD399D007D15E3 /* iOS-Calculator.app */;
			productType = "com.apple.product-type.application";
		};
		ACCD405121BD399F007D15E3 /* iOS-CalculatorTests */ = {
			isa = PBXNativeTarget;
			buildConfigurationList = ACCD405E21BD399F007D15E3 /* Build configuration list for PBXNativeTarget "iOS-CalculatorTests" */;
			buildPhases = (
				ACCD404E21BD399F007D15E3 /* Sources */,
				ACCD404F21BD399F007D15E3 /* Frameworks */,
				ACCD405021BD399F007D15E3 /* Resources */,
			);
			buildRules = (
			);
			dependencies = (
				ACCD405421BD399F007D15E3 /* PBXTargetDependency */,
			);
			name = "iOS-CalculatorTests";
			productName = "iOS-CalculatorTests";
			productReference = ACCD405221BD399F007D15E3 /* iOS-CalculatorTests.xctest */;
			productType = "com.apple.product-type.bundle.unit-test";
		};
/* End PBXNativeTarget section */

/* Begin PBXProject section */
		ACCD403621BD399D007D15E3 /* Project object */ = {
			isa = PBXProject;
			attributes = {
				LastSwiftUpdateCheck = 1010;
				LastUpgradeCheck = 1010;
				ORGANIZATIONNAME = MoureDev;
				TargetAttributes = {
					ACCD403D21BD399D007D15E3 = {
						CreatedOnToolsVersion = 10.1;
					};
					ACCD405121BD399F007D15E3 = {
						CreatedOnToolsVersion = 10.1;
						LastSwiftMigration = 1020;
						TestTargetID = ACCD403D21BD399D007D15E3;
					};
				};
			};
			buildConfigurationList = ACCD403921BD399D007D15E3 /* Build configuration list for PBXProject "iOS-Calculator" */;
			compatibilityVersion = "Xcode 9.3";
			developmentRegion = en;
			hasScannedForEncodings = 0;
			knownRegions = (
				en,
				Base,
			);
			mainGroup = ACCD403521BD399D007D15E3;
			productRefGroup = ACCD403F21BD399D007D15E3 /* Products */;
			projectDirPath = "";
			projectRoot = "";
			targets = (
				ACCD403D21BD399D007D15E3 /* iOS-Calculator */,
				ACCD405121BD399F007D15E3 /* iOS-CalculatorTests */,
			);
		};
/* End PBXProject section */

/* Begin PBXResourcesBuildPhase section */
		ACCD403C21BD399D007D15E3 /* Resources */ = {
			isa = PBXResourcesBuildPhase;
			buildActionMask = 2147483647;
			files = (
				ACCD404C21BD399F007D15E3 /* LaunchScreen.storyboard in Resources */,
				ACCD404921BD399F007D15E3 /* Assets.xcassets in Resources */,
				ACCD406D21BD3EB7007D15E3 /* HomeViewController.xib in Resources */,
			);
			runOnlyForDeploymentPostprocessing = 0;
		};
		ACCD405021BD399F007D15E3 /* Resources */ = {
			isa = PBXResourcesBuildPhase;
			buildActionMask = 2147483647;
			files = (
			);
			runOnlyForDeploymentPostprocessing = 0;
		};
/* End PBXResourcesBuildPhase section */

/* Begin PBXSourcesBuildPhase section */
		ACCD403A21BD399D007D15E3 /* Sources */ = {
			isa = PBXSourcesBuildPhase;
			buildActionMask = 2147483647;
			files = (
				ACCD404221BD399D007D15E3 /* AppDelegate.swift in Sources */,
				ACCD406C21BD3EB7007D15E3 /* HomeViewController.swift in Sources */,
				AC4615FC21EA43F000F884E8 /* UIButtonExtension.swift in Sources */,
			);
			runOnlyForDeploymentPostprocessing = 0;
		};
		ACCD404E21BD399F007D15E3 /* Sources */ = {
			isa = PBXSourcesBuildPhase;
			buildActionMask = 2147483647;
			files = (
				ACCD405721BD399F007D15E3 /* iOS_CalculatorTests.swift in Sources */,
			);
			runOnlyForDeploymentPostprocessing = 0;
		};
/* End PBXSourcesBuildPhase section */

/* Begin PBXTargetDependency section */
		ACCD405421BD399F007D15E3 /* PBXTargetDependency */ = {
			isa = PBXTargetDependency;
			target = ACCD403D21BD399D007D15E3 /* iOS-Calculator */;
			targetProxy = ACCD405321BD399F007D15E3 /* PBXContainerItemProxy */;
		};
/* End PBXTargetDependency section */

/* Begin PBXVariantGroup section */
		ACCD404A21BD399F007D15E3 /* LaunchScreen.storyboard */ = {
			isa = PBXVariantGroup;
			children = (
				ACCD404B21BD399F007D15E3 /* Base */,
			);
			name = LaunchScreen.storyboard;
			sourceTree = "<group>";
		};
/* End PBXVariantGroup section */

/* Begin XCBuildConfiguration section */
		ACCD405921BD399F007D15E3 /* Debug */ = {
			isa = XCBuildConfiguration;
			buildSettings = {
				ALWAYS_SEARCH_USER_PATHS = NO;
				CLANG_ANALYZER_NONNULL = YES;
				CLANG_ANALYZER_NUMBER_OBJECT_CONVERSION = YES_AGGRESSIVE;
				CLANG_CXX_LANGUAGE_STANDARD = "gnu++14";
				CLANG_CXX_LIBRARY = "libc++";
				CLANG_ENABLE_MODULES = YES;
				CLANG_ENABLE_OBJC_ARC = YES;
				CLANG_ENABLE_OBJC_WEAK = YES;
				CLANG_WARN_BLOCK_CAPTURE_AUTORELEASING = YES;
				CLANG_WARN_BOOL_CONVERSION = YES;
				CLANG_WARN_COMMA = YES;
				CLANG_WARN_CONSTANT_CONVERSION = YES;
				CLANG_WARN_DEPRECATED_OBJC_IMPLEMENTATIONS = YES;
				CLANG_WARN_DIRECT_OBJC_ISA_USAGE = YES_ERROR;
				CLANG_WARN_DOCUMENTATION_COMMENTS = YES;
				CLANG_WARN_EMPTY_BODY = YES;
				CLANG_WARN_ENUM_CONVERSION = YES;
				CLANG_WARN_INFINITE_RECURSION = YES;
				CLANG_WARN_INT_CONVERSION = YES;
				CLANG_WARN_NON_LITERAL_NULL_CONVERSION = YES;
				CLANG_WARN_OBJC_IMPLICIT_RETAIN_SELF = YES;
				CLANG_WARN_OBJC_LITERAL_CONVERSION = YES;
				CLANG_WARN_OBJC_ROOT_CLASS = YES_ERROR;
				CLANG_WARN_RANGE_LOOP_ANALYSIS = YES;
				CLANG_WARN_STRICT_PROTOTYPES = YES;
				CLANG_WARN_SUSPICIOUS_MOVE = YES;
				CLANG_WARN_UNGUARDED_AVAILABILITY = YES_AGGRESSIVE;
				CLANG_WARN_UNREACHABLE_CODE = YES;
				CLANG_WARN__DUPLICATE_METHOD_MATCH = YES;
				CODE_SIGN_IDENTITY = "iPhone Developer";
				COPY_PHASE_STRIP = NO;
				DEBUG_INFORMATION_FORMAT = dwarf;
				ENABLE_STRICT_OBJC_MSGSEND = YES;
				ENABLE_TESTABILITY = YES;
				GCC_C_LANGUAGE_STANDARD = gnu11;
				GCC_DYNAMIC_NO_PIC = NO;
				GCC_NO_COMMON_BLOCKS = YES;
				GCC_OPTIMIZATION_LEVEL = 0;
				GCC_PREPROCESSOR_DEFINITIONS = (
					"DEBUG=1",
					"$(inherited)",
				);
				GCC_WARN_64_TO_32_BIT_CONVERSION = YES;
				GCC_WARN_ABOUT_RETURN_TYPE = YES_ERROR;
				GCC_WARN_UNDECLARED_SELECTOR = YES;
				GCC_WARN_UNINITIALIZED_AUTOS = YES_AGGRESSIVE;
				GCC_WARN_UNUSED_FUNCTION = YES;
				GCC_WARN_UNUSED_VARIABLE = YES;
				IPHONEOS_DEPLOYMENT_TARGET = 12.1;
				MTL_ENABLE_DEBUG_INFO = INCLUDE_SOURCE;
				MTL_FAST_MATH = YES;
				ONLY_ACTIVE_ARCH = YES;
				SDKROOT = iphoneos;
				SWIFT_ACTIVE_COMPILATION_CONDITIONS = DEBUG;
				SWIFT_OPTIMIZATION_LEVEL = "-Onone";
			};
			name = Debug;
		};
		ACCD405A21BD399F007D15E3 /* Release */ = {
			isa = XCBuildConfiguration;
			buildSettings = {
				ALWAYS_SEARCH_USER_PATHS = NO;
				CLANG_ANALYZER_NONNULL = YES;
				CLANG_ANALYZER_NUMBER_OBJECT_CONVERSION = YES_AGGRESSIVE;
				CLANG_CXX_LANGUAGE_STANDARD = "gnu++14";
				CLANG_CXX_LIBRARY = "libc++";
				CLANG_ENABLE_MODULES = YES;
				CLANG_ENABLE_OBJC_ARC = YES;
				CLANG_ENABLE_OBJC_WEAK = YES;
				CLANG_WARN_BLOCK_CAPTURE_AUTORELEASING = YES;
				CLANG_WARN_BOOL_CONVERSION = YES;
				CLANG_WARN_COMMA = YES;
				CLANG_WARN_CONSTANT_CONVERSION = YES;
				CLANG_WARN_DEPRECATED_OBJC_IMPLEMENTATIONS = YES;
				CLANG_WARN_DIRECT_OBJC_ISA_USAGE = YES_ERROR;
				CLANG_WARN_DOCUMENTATION_COMMENTS = YES;
				CLANG_WARN_EMPTY_BODY = YES;
				CLANG_WARN_ENUM_CONVERSION = YES;
				CLANG_WARN_INFINITE_RECURSION = YES;
				CLANG_WARN_INT_CONVERSION = YES;
				CLANG_WARN_NON_LITERAL_NULL_CONVERSION = YES;
				CLANG_WARN_OBJC_IMPLICIT_RETAIN_SELF = YES;
				CLANG_WARN_OBJC_LITERAL_CONVERSION = YES;
				CLANG_WARN_OBJC_ROOT_CLASS = YES_ERROR;
				CLANG_WARN_RANGE_LOOP_ANALYSIS = YES;
				CLANG_WARN_STRICT_PROTOTYPES = YES;
				CLANG_WARN_SUSPICIOUS_MOVE = YES;
				CLANG_WARN_UNGUARDED_AVAILABILITY = YES_AGGRESSIVE;
				CLANG_WARN_UNREACHABLE_CODE = YES;
				CLANG_WARN__DUPLICATE_METHOD_MATCH = YES;
				CODE_SIGN_IDENTITY = "iPhone Developer";
				COPY_PHASE_STRIP = NO;
				DEBUG_INFORMATION_FORMAT = "dwarf-with-dsym";
				ENABLE_NS_ASSERTIONS = NO;
				ENABLE_STRICT_OBJC_MSGSEND = YES;
				GCC_C_LANGUAGE_STANDARD = gnu11;
				GCC_NO_COMMON_BLOCKS = YES;
				GCC_WARN_64_TO_32_BIT_CONVERSION = YES;
				GCC_WARN_ABOUT_RETURN_TYPE = YES_ERROR;
				GCC_WARN_UNDECLARED_SELECTOR = YES;
				GCC_WARN_UNINITIALIZED_AUTOS = YES_AGGRESSIVE;
				GCC_WARN_UNUSED_FUNCTION = YES;
				GCC_WARN_UNUSED_VARIABLE = YES;
				IPHONEOS_DEPLOYMENT_TARGET = 12.1;
				MTL_ENABLE_DEBUG_INFO = NO;
				MTL_FAST_MATH = YES;
				SDKROOT = iphoneos;
				SWIFT_COMPILATION_MODE = wholemodule;
				SWIFT_OPTIMIZATION_LEVEL = "-O";
				VALIDATE_PRODUCT = YES;
			};
			name = Release;
		};
		ACCD405C21BD399F007D15E3 /* Debug */ = {
			isa = XCBuildConfiguration;
			buildSettings = {
				ASSETCATALOG_COMPILER_APPICON_NAME = AppIcon;
				CODE_SIGN_STYLE = Automatic;
				INFOPLIST_FILE = "$(SRCROOT)/iOS-Calculator/Supporting Files/Info.plist";
				IPHONEOS_DEPLOYMENT_TARGET = 10.0;
				LD_RUNPATH_SEARCH_PATHS = (
					"$(inherited)",
					"@executable_path/Frameworks",
				);
				PRODUCT_BUNDLE_IDENTIFIER = "com.mouredev.iOS-Calculator";
				PRODUCT_NAME = "$(TARGET_NAME)";
				SWIFT_VERSION = 5.0;
				TARGETED_DEVICE_FAMILY = "1,2";
			};
			name = Debug;
		};
		ACCD405D21BD399F007D15E3 /* Release */ = {
			isa = XCBuildConfiguration;
			buildSettings = {
				ASSETCATALOG_COMPILER_APPICON_NAME = AppIcon;
				CODE_SIGN_STYLE = Automatic;
				INFOPLIST_FILE = "$(SRCROOT)/iOS-Calculator/Supporting Files/Info.plist";
				IPHONEOS_DEPLOYMENT_TARGET = 10.0;
				LD_RUNPATH_SEARCH_PATHS = (
					"$(inherited)",
					"@executable_path/Frameworks",
				);
				PRODUCT_BUNDLE_IDENTIFIER = "com.mouredev.iOS-Calculator";
				PRODUCT_NAME = "$(TARGET_NAME)";
				SWIFT_VERSION = 5.0;
				TARGETED_DEVICE_FAMILY = "1,2";
			};
			name = Release;
		};
		ACCD405F21BD399F007D15E3 /* Debug */ = {
			isa = XCBuildConfiguration;
			buildSettings = {
				ALWAYS_EMBED_SWIFT_STANDARD_LIBRARIES = YES;
				BUNDLE_LOADER = "$(TEST_HOST)";
				CODE_SIGN_STYLE = Automatic;
				INFOPLIST_FILE = "iOS-CalculatorTests/Info.plist";
				LD_RUNPATH_SEARCH_PATHS = (
					"$(inherited)",
					"@executable_path/Frameworks",
					"@loader_path/Frameworks",
				);
				PRODUCT_BUNDLE_IDENTIFIER = "com.mouredev.iOS-CalculatorTests";
				PRODUCT_NAME = "$(TARGET_NAME)";
				SWIFT_VERSION = 5.0;
				TARGETED_DEVICE_FAMILY = "1,2";
				TEST_HOST = "$(BUILT_PRODUCTS_DIR)/iOS-Calculator.app/iOS-Calculator";
			};
			name = Debug;
		};
		ACCD406021BD399F007D15E3 /* Release */ = {
			isa = XCBuildConfiguration;
			buildSettings = {
				ALWAYS_EMBED_SWIFT_STANDARD_LIBRARIES = YES;
				BUNDLE_LOADER = "$(TEST_HOST)";
				CODE_SIGN_STYLE = Automatic;
				INFOPLIST_FILE = "iOS-CalculatorTests/Info.plist";
				LD_RUNPATH_SEARCH_PATHS = (
					"$(inherited)",
					"@executable_path/Frameworks",
					"@loader_path/Frameworks",
				);
				PRODUCT_BUNDLE_IDENTIFIER = "com.mouredev.iOS-CalculatorTests";
				PRODUCT_NAME = "$(TARGET_NAME)";
				SWIFT_VERSION = 5.0;
				TARGETED_DEVICE_FAMILY = "1,2";
				TEST_HOST = "$(BUILT_PRODUCTS_DIR)/iOS-Calculator.app/iOS-Calculator";
			};
			name = Release;
		};
/* End XCBuildConfiguration section */

/* Begin XCConfigurationList section */
		ACCD403921BD399D007D15E3 /* Build configuration list for PBXProject "iOS-Calculator" */ = {
			isa = XCConfigurationList;
			buildConfigurations = (
				ACCD405921BD399F007D15E3 /* Debug */,
				ACCD405A21BD399F007D15E3 /* Release */,
			);
			defaultConfigurationIsVisible = 0;
			defaultConfigurationName = Release;
		};
		ACCD405B21BD399F007D15E3 /* Build configuration list for PBXNativeTarget "iOS-Calculator" */ = {
			isa = XCConfigurationList;
			buildConfigurations = (
				ACCD405C21BD399F007D15E3 /* Debug */,
				ACCD405D21BD399F007D15E3 /* Release */,
			);
			defaultConfigurationIsVisible = 0;
			defaultConfigurationName = Release;
		};
		ACCD405E21BD399F007D15E3 /* Build configuration list for PBXNativeTarget "iOS-CalculatorTests" */ = {
			isa = XCConfigurationList;
			buildConfigurations = (
				ACCD405F21BD399F007D15E3 /* Debug */,
				ACCD406021BD399F007D15E3 /* Release */,
			);
			defaultConfigurationIsVisible = 0;
			defaultConfigurationName = Release;
		};
/* End XCConfigurationList section */
	};
	rootObject = ACCD403621BD399D007D15E3 /* Project object */;
}
